
Microsoft Visual Studio Solution File, Format Version 12.00
# Visual Studio 15
VisualStudioVersion = 15.0.26124.0
MinimumVisualStudioVersion = 15.0.26124.0
Project("{FAE04EC0-301F-11D3-BF4B-00C04F79EFBC}") = "DatabaseSynchronizer", "DatabaseSynchronizer\DatabaseSynchronizer.csproj", "{64ACAAA4-F207-419E-BB05-5B2DCB7936C9}"
EndProject
Project("{FAE04EC0-301F-11D3-BF4B-00C04F79EFBC}") = "WebApi", "WebApi\WebApi.csproj", "{30103B63-6C41-4390-B5A8-BB1CD95C8CE8}"
EndProject
Project("{2150E333-8FDC-42A3-9474-1A3956D46DE8}") = "Common", "Common", "{67C3F3A4-E31E-4DD8-A8EC-A513E5F1C495}"
EndProject
Project("{FAE04EC0-301F-11D3-BF4B-00C04F79EFBC}") = "Logger", "Common\Logger\Logger.csproj", "{09745C84-3A80-46B4-B33B-A00A47C7D409}"
EndProject
Project("{FAE04EC0-301F-11D3-BF4B-00C04F79EFBC}") = "Results", "Common\Results\Results.csproj", "{61881BFD-BE2C-4107-9C88-D86C9050AE76}"
EndProject
Project("{FAE04EC0-301F-11D3-BF4B-00C04F79EFBC}") = "Utils", "Common\Utils\Utils.csproj", "{23991ED6-576A-491E-A832-237A7D892543}"
EndProject
Project("{FAE04EC0-301F-11D3-BF4B-00C04F79EFBC}") = "Wrappers", "Common\Wrappers\Wrappers.csproj", "{B7E818FA-CD93-49FF-8092-EC142E4C2783}"
EndProject
Project("{2150E333-8FDC-42A3-9474-1A3956D46DE8}") = "Domain", "Domain", "{64FE354E-ED34-47A7-919A-9439AE12399A}"
EndProject
Project("{FAE04EC0-301F-11D3-BF4B-00C04F79EFBC}") = "Contracts", "Domain\Contracts\Contracts.csproj", "{88E9FB87-D055-43DC-9730-9147FCF014B3}"
EndProject
Project("{FAE04EC0-301F-11D3-BF4B-00C04F79EFBC}") = "Models", "Domain\Models\Models.csproj", "{F4F4EEDC-D457-493A-8281-1CE319BEE6B0}"
EndProject
Project("{FAE04EC0-301F-11D3-BF4B-00C04F79EFBC}") = "Services", "Domain\Services\Services.csproj", "{A711FAD3-769E-439E-BE12-B2B103A1CD8F}"
EndProject
Project("{2150E333-8FDC-42A3-9474-1A3956D46DE8}") = "Integration", "Integration", "{7FDF7B42-0C46-484A-AA95-3CDCBD5AE389}"
EndProject
Project("{FAE04EC0-301F-11D3-BF4B-00C04F79EFBC}") = "Elastic", "Integration\Elastic\Elastic.csproj", "{8B162A8A-957F-4035-B481-7A201EC9CF00}"
EndProject
Project("{FAE04EC0-301F-11D3-BF4B-00C04F79EFBC}") = "MySQL", "Integration\MySQL\MySQL.csproj", "{8833FC0F-A751-480C-B447-46449FBFBB7F}"
EndProject
Project("{FAE04EC0-301F-11D3-BF4B-00C04F79EFBC}") = "RabbitMQ", "Integration\RabbitMQ\RabbitMQ.csproj", "{9AA51400-A3A3-4AF3-829D-47DA195A208E}"
EndProject
Global
	GlobalSection(SolutionConfigurationPlatforms) = preSolution
		Debug|Any CPU = Debug|Any CPU
		Debug|x64 = Debug|x64
		Debug|x86 = Debug|x86
		Release|Any CPU = Release|Any CPU
		Release|x64 = Release|x64
		Release|x86 = Release|x86
	EndGlobalSection
	GlobalSection(SolutionProperties) = preSolution
		HideSolutionNode = FALSE
	EndGlobalSection
	GlobalSection(ProjectConfigurationPlatforms) = postSolution
		{64ACAAA4-F207-419E-BB05-5B2DCB7936C9}.Debug|Any CPU.ActiveCfg = Debug|Any CPU
		{64ACAAA4-F207-419E-BB05-5B2DCB7936C9}.Debug|Any CPU.Build.0 = Debug|Any CPU
		{64ACAAA4-F207-419E-BB05-5B2DCB7936C9}.Debug|x64.ActiveCfg = Debug|Any CPU
		{64ACAAA4-F207-419E-BB05-5B2DCB7936C9}.Debug|x64.Build.0 = Debug|Any CPU
		{64ACAAA4-F207-419E-BB05-5B2DCB7936C9}.Debug|x86.ActiveCfg = Debug|Any CPU
		{64ACAAA4-F207-419E-BB05-5B2DCB7936C9}.Debug|x86.Build.0 = Debug|Any CPU
		{64ACAAA4-F207-419E-BB05-5B2DCB7936C9}.Release|Any CPU.ActiveCfg = Release|Any CPU
		{64ACAAA4-F207-419E-BB05-5B2DCB7936C9}.Release|Any CPU.Build.0 = Release|Any CPU
		{64ACAAA4-F207-419E-BB05-5B2DCB7936C9}.Release|x64.ActiveCfg = Release|Any CPU
		{64ACAAA4-F207-419E-BB05-5B2DCB7936C9}.Release|x64.Build.0 = Release|Any CPU
		{64ACAAA4-F207-419E-BB05-5B2DCB7936C9}.Release|x86.ActiveCfg = Release|Any CPU
		{64ACAAA4-F207-419E-BB05-5B2DCB7936C9}.Release|x86.Build.0 = Release|Any CPU
		{30103B63-6C41-4390-B5A8-BB1CD95C8CE8}.Debug|Any CPU.ActiveCfg = Debug|Any CPU
		{30103B63-6C41-4390-B5A8-BB1CD95C8CE8}.Debug|Any CPU.Build.0 = Debug|Any CPU
		{30103B63-6C41-4390-B5A8-BB1CD95C8CE8}.Debug|x64.ActiveCfg = Debug|Any CPU
		{30103B63-6C41-4390-B5A8-BB1CD95C8CE8}.Debug|x64.Build.0 = Debug|Any CPU
		{30103B63-6C41-4390-B5A8-BB1CD95C8CE8}.Debug|x86.ActiveCfg = Debug|Any CPU
		{30103B63-6C41-4390-B5A8-BB1CD95C8CE8}.Debug|x86.Build.0 = Debug|Any CPU
		{30103B63-6C41-4390-B5A8-BB1CD95C8CE8}.Release|Any CPU.ActiveCfg = Release|Any CPU
		{30103B63-6C41-4390-B5A8-BB1CD95C8CE8}.Release|Any CPU.Build.0 = Release|Any CPU
		{30103B63-6C41-4390-B5A8-BB1CD95C8CE8}.Release|x64.ActiveCfg = Release|Any CPU
		{30103B63-6C41-4390-B5A8-BB1CD95C8CE8}.Release|x64.Build.0 = Release|Any CPU
		{30103B63-6C41-4390-B5A8-BB1CD95C8CE8}.Release|x86.ActiveCfg = Release|Any CPU
		{30103B63-6C41-4390-B5A8-BB1CD95C8CE8}.Release|x86.Build.0 = Release|Any CPU
		{09745C84-3A80-46B4-B33B-A00A47C7D409}.Debug|Any CPU.ActiveCfg = Debug|Any CPU
		{09745C84-3A80-46B4-B33B-A00A47C7D409}.Debug|Any CPU.Build.0 = Debug|Any CPU
		{09745C84-3A80-46B4-B33B-A00A47C7D409}.Debug|x64.ActiveCfg = Debug|Any CPU
		{09745C84-3A80-46B4-B33B-A00A47C7D409}.Debug|x64.Build.0 = Debug|Any CPU
		{09745C84-3A80-46B4-B33B-A00A47C7D409}.Debug|x86.ActiveCfg = Debug|Any CPU
		{09745C84-3A80-46B4-B33B-A00A47C7D409}.Debug|x86.Build.0 = Debug|Any CPU
		{09745C84-3A80-46B4-B33B-A00A47C7D409}.Release|Any CPU.ActiveCfg = Release|Any CPU
		{09745C84-3A80-46B4-B33B-A00A47C7D409}.Release|Any CPU.Build.0 = Release|Any CPU
		{09745C84-3A80-46B4-B33B-A00A47C7D409}.Release|x64.ActiveCfg = Release|Any CPU
		{09745C84-3A80-46B4-B33B-A00A47C7D409}.Release|x64.Build.0 = Release|Any CPU
		{09745C84-3A80-46B4-B33B-A00A47C7D409}.Release|x86.ActiveCfg = Release|Any CPU
		{09745C84-3A80-46B4-B33B-A00A47C7D409}.Release|x86.Build.0 = Release|Any CPU
		{61881BFD-BE2C-4107-9C88-D86C9050AE76}.Debug|Any CPU.ActiveCfg = Debug|Any CPU
		{61881BFD-BE2C-4107-9C88-D86C9050AE76}.Debug|Any CPU.Build.0 = Debug|Any CPU
		{61881BFD-BE2C-4107-9C88-D86C9050AE76}.Debug|x64.ActiveCfg = Debug|Any CPU
		{61881BFD-BE2C-4107-9C88-D86C9050AE76}.Debug|x64.Build.0 = Debug|Any CPU
		{61881BFD-BE2C-4107-9C88-D86C9050AE76}.Debug|x86.ActiveCfg = Debug|Any CPU
		{61881BFD-BE2C-4107-9C88-D86C9050AE76}.Debug|x86.Build.0 = Debug|Any CPU
		{61881BFD-BE2C-4107-9C88-D86C9050AE76}.Release|Any CPU.ActiveCfg = Release|Any CPU
		{61881BFD-BE2C-4107-9C88-D86C9050AE76}.Release|Any CPU.Build.0 = Release|Any CPU
		{61881BFD-BE2C-4107-9C88-D86C9050AE76}.Release|x64.ActiveCfg = Release|Any CPU
		{61881BFD-BE2C-4107-9C88-D86C9050AE76}.Release|x64.Build.0 = Release|Any CPU
		{61881BFD-BE2C-4107-9C88-D86C9050AE76}.Release|x86.ActiveCfg = Release|Any CPU
		{61881BFD-BE2C-4107-9C88-D86C9050AE76}.Release|x86.Build.0 = Release|Any CPU
		{23991ED6-576A-491E-A832-237A7D892543}.Debug|Any CPU.ActiveCfg = Debug|Any CPU
		{23991ED6-576A-491E-A832-237A7D892543}.Debug|Any CPU.Build.0 = Debug|Any CPU
		{23991ED6-576A-491E-A832-237A7D892543}.Debug|x64.ActiveCfg = Debug|Any CPU
		{23991ED6-576A-491E-A832-237A7D892543}.Debug|x64.Build.0 = Debug|Any CPU
		{23991ED6-576A-491E-A832-237A7D892543}.Debug|x86.ActiveCfg = Debug|Any CPU
		{23991ED6-576A-491E-A832-237A7D892543}.Debug|x86.Build.0 = Debug|Any CPU
		{23991ED6-576A-491E-A832-237A7D892543}.Release|Any CPU.ActiveCfg = Release|Any CPU
		{23991ED6-576A-491E-A832-237A7D892543}.Release|Any CPU.Build.0 = Release|Any CPU
		{23991ED6-576A-491E-A832-237A7D892543}.Release|x64.ActiveCfg = Release|Any CPU
		{23991ED6-576A-491E-A832-237A7D892543}.Release|x64.Build.0 = Release|Any CPU
		{23991ED6-576A-491E-A832-237A7D892543}.Release|x86.ActiveCfg = Release|Any CPU
		{23991ED6-576A-491E-A832-237A7D892543}.Release|x86.Build.0 = Release|Any CPU
		{B7E818FA-CD93-49FF-8092-EC142E4C2783}.Debug|Any CPU.ActiveCfg = Debug|Any CPU
		{B7E818FA-CD93-49FF-8092-EC142E4C2783}.Debug|Any CPU.Build.0 = Debug|Any CPU
		{B7E818FA-CD93-49FF-8092-EC142E4C2783}.Debug|x64.ActiveCfg = Debug|Any CPU
		{B7E818FA-CD93-49FF-8092-EC142E4C2783}.Debug|x64.Build.0 = Debug|Any CPU
		{B7E818FA-CD93-49FF-8092-EC142E4C2783}.Debug|x86.ActiveCfg = Debug|Any CPU
		{B7E818FA-CD93-49FF-8092-EC142E4C2783}.Debug|x86.Build.0 = Debug|Any CPU
		{B7E818FA-CD93-49FF-8092-EC142E4C2783}.Release|Any CPU.ActiveCfg = Release|Any CPU
		{B7E818FA-CD93-49FF-8092-EC142E4C2783}.Release|Any CPU.Build.0 = Release|Any CPU
		{B7E818FA-CD93-49FF-8092-EC142E4C2783}.Release|x64.ActiveCfg = Release|Any CPU
		{B7E818FA-CD93-49FF-8092-EC142E4C2783}.Release|x64.Build.0 = Release|Any CPU
		{B7E818FA-CD93-49FF-8092-EC142E4C2783}.Release|x86.ActiveCfg = Release|Any CPU
		{B7E818FA-CD93-49FF-8092-EC142E4C2783}.Release|x86.Build.0 = Release|Any CPU
		{88E9FB87-D055-43DC-9730-9147FCF014B3}.Debug|Any CPU.ActiveCfg = Debug|Any CPU
		{88E9FB87-D055-43DC-9730-9147FCF014B3}.Debug|Any CPU.Build.0 = Debug|Any CPU
		{88E9FB87-D055-43DC-9730-9147FCF014B3}.Debug|x64.ActiveCfg = Debug|Any CPU
		{88E9FB87-D055-43DC-9730-9147FCF014B3}.Debug|x64.Build.0 = Debug|Any CPU
		{88E9FB87-D055-43DC-9730-9147FCF014B3}.Debug|x86.ActiveCfg = Debug|Any CPU
		{88E9FB87-D055-43DC-9730-9147FCF014B3}.Debug|x86.Build.0 = Debug|Any CPU
		{88E9FB87-D055-43DC-9730-9147FCF014B3}.Release|Any CPU.ActiveCfg = Release|Any CPU
		{88E9FB87-D055-43DC-9730-9147FCF014B3}.Release|Any CPU.Build.0 = Release|Any CPU
		{88E9FB87-D055-43DC-9730-9147FCF014B3}.Release|x64.ActiveCfg = Release|Any CPU
		{88E9FB87-D055-43DC-9730-9147FCF014B3}.Release|x64.Build.0 = Release|Any CPU
		{88E9FB87-D055-43DC-9730-9147FCF014B3}.Release|x86.ActiveCfg = Release|Any CPU
		{88E9FB87-D055-43DC-9730-9147FCF014B3}.Release|x86.Build.0 = Release|Any CPU
		{F4F4EEDC-D457-493A-8281-1CE319BEE6B0}.Debug|Any CPU.ActiveCfg = Debug|Any CPU
		{F4F4EEDC-D457-493A-8281-1CE319BEE6B0}.Debug|Any CPU.Build.0 = Debug|Any CPU
		{F4F4EEDC-D457-493A-8281-1CE319BEE6B0}.Debug|x64.ActiveCfg = Debug|Any CPU
		{F4F4EEDC-D457-493A-8281-1CE319BEE6B0}.Debug|x64.Build.0 = Debug|Any CPU
		{F4F4EEDC-D457-493A-8281-1CE319BEE6B0}.Debug|x86.ActiveCfg = Debug|Any CPU
		{F4F4EEDC-D457-493A-8281-1CE319BEE6B0}.Debug|x86.Build.0 = Debug|Any CPU
		{F4F4EEDC-D457-493A-8281-1CE319BEE6B0}.Release|Any CPU.ActiveCfg = Release|Any CPU
		{F4F4EEDC-D457-493A-8281-1CE319BEE6B0}.Release|Any CPU.Build.0 = Release|Any CPU
		{F4F4EEDC-D457-493A-8281-1CE319BEE6B0}.Release|x64.ActiveCfg = Release|Any CPU
		{F4F4EEDC-D457-493A-8281-1CE319BEE6B0}.Release|x64.Build.0 = Release|Any CPU
		{F4F4EEDC-D457-493A-8281-1CE319BEE6B0}.Release|x86.ActiveCfg = Release|Any CPU
		{F4F4EEDC-D457-493A-8281-1CE319BEE6B0}.Release|x86.Build.0 = Release|Any CPU
		{A711FAD3-769E-439E-BE12-B2B103A1CD8F}.Debug|Any CPU.ActiveCfg = Debug|Any CPU
		{A711FAD3-769E-439E-BE12-B2B103A1CD8F}.Debug|Any CPU.Build.0 = Debug|Any CPU
		{A711FAD3-769E-439E-BE12-B2B103A1CD8F}.Debug|x64.ActiveCfg = Debug|Any CPU
		{A711FAD3-769E-439E-BE12-B2B103A1CD8F}.Debug|x64.Build.0 = Debug|Any CPU
		{A711FAD3-769E-439E-BE12-B2B103A1CD8F}.Debug|x86.ActiveCfg = Debug|Any CPU
		{A711FAD3-769E-439E-BE12-B2B103A1CD8F}.Debug|x86.Build.0 = Debug|Any CPU
		{A711FAD3-769E-439E-BE12-B2B103A1CD8F}.Release|Any CPU.ActiveCfg = Release|Any CPU
		{A711FAD3-769E-439E-BE12-B2B103A1CD8F}.Release|Any CPU.Build.0 = Release|Any CPU
		{A711FAD3-769E-439E-BE12-B2B103A1CD8F}.Release|x64.ActiveCfg = Release|Any CPU
		{A711FAD3-769E-439E-BE12-B2B103A1CD8F}.Release|x64.Build.0 = Release|Any CPU
		{A711FAD3-769E-439E-BE12-B2B103A1CD8F}.Release|x86.ActiveCfg = Release|Any CPU
		{A711FAD3-769E-439E-BE12-B2B103A1CD8F}.Release|x86.Build.0 = Release|Any CPU
		{8B162A8A-957F-4035-B481-7A201EC9CF00}.Debug|Any CPU.ActiveCfg = Debug|Any CPU
		{8B162A8A-957F-4035-B481-7A201EC9CF00}.Debug|Any CPU.Build.0 = Debug|Any CPU
		{8B162A8A-957F-4035-B481-7A201EC9CF00}.Debug|x64.ActiveCfg = Debug|Any CPU
		{8B162A8A-957F-4035-B481-7A201EC9CF00}.Debug|x64.Build.0 = Debug|Any CPU
		{8B162A8A-957F-4035-B481-7A201EC9CF00}.Debug|x86.ActiveCfg = Debug|Any CPU
		{8B162A8A-957F-4035-B481-7A201EC9CF00}.Debug|x86.Build.0 = Debug|Any CPU
		{8B162A8A-957F-4035-B481-7A201EC9CF00}.Release|Any CPU.ActiveCfg = Release|Any CPU
		{8B162A8A-957F-4035-B481-7A201EC9CF00}.Release|Any CPU.Build.0 = Release|Any CPU
		{8B162A8A-957F-4035-B481-7A201EC9CF00}.Release|x64.ActiveCfg = Release|Any CPU
		{8B162A8A-957F-4035-B481-7A201EC9CF00}.Release|x64.Build.0 = Release|Any CPU
		{8B162A8A-957F-4035-B481-7A201EC9CF00}.Release|x86.ActiveCfg = Release|Any CPU
		{8B162A8A-957F-4035-B481-7A201EC9CF00}.Release|x86.Build.0 = Release|Any CPU
		{8833FC0F-A751-480C-B447-46449FBFBB7F}.Debug|Any CPU.ActiveCfg = Debug|Any CPU
		{8833FC0F-A751-480C-B447-46449FBFBB7F}.Debug|Any CPU.Build.0 = Debug|Any CPU
		{8833FC0F-A751-480C-B447-46449FBFBB7F}.Debug|x64.ActiveCfg = Debug|Any CPU
		{8833FC0F-A751-480C-B447-46449FBFBB7F}.Debug|x64.Build.0 = Debug|Any CPU
		{8833FC0F-A751-480C-B447-46449FBFBB7F}.Debug|x86.ActiveCfg = Debug|Any CPU
		{8833FC0F-A751-480C-B447-46449FBFBB7F}.Debug|x86.Build.0 = Debug|Any CPU
		{8833FC0F-A751-480C-B447-46449FBFBB7F}.Release|Any CPU.ActiveCfg = Release|Any CPU
		{8833FC0F-A751-480C-B447-46449FBFBB7F}.Release|Any CPU.Build.0 = Release|Any CPU
		{8833FC0F-A751-480C-B447-46449FBFBB7F}.Release|x64.ActiveCfg = Release|Any CPU
		{8833FC0F-A751-480C-B447-46449FBFBB7F}.Release|x64.Build.0 = Release|Any CPU
		{8833FC0F-A751-480C-B447-46449FBFBB7F}.Release|x86.ActiveCfg = Release|Any CPU
		{8833FC0F-A751-480C-B447-46449FBFBB7F}.Release|x86.Build.0 = Release|Any CPU
		{9AA51400-A3A3-4AF3-829D-47DA195A208E}.Debug|Any CPU.ActiveCfg = Debug|Any CPU
		{9AA51400-A3A3-4AF3-829D-47DA195A208E}.Debug|Any CPU.Build.0 = Debug|Any CPU
		{9AA51400-A3A3-4AF3-829D-47DA195A208E}.Debug|x64.ActiveCfg = Debug|Any CPU
		{9AA51400-A3A3-4AF3-829D-47DA195A208E}.Debug|x64.Build.0 = Debug|Any CPU
		{9AA51400-A3A3-4AF3-829D-47DA195A208E}.Debug|x86.ActiveCfg = Debug|Any CPU
		{9AA51400-A3A3-4AF3-829D-47DA195A208E}.Debug|x86.Build.0 = Debug|Any CPU
		{9AA51400-A3A3-4AF3-829D-47DA195A208E}.Release|Any CPU.ActiveCfg = Release|Any CPU
		{9AA51400-A3A3-4AF3-829D-47DA195A208E}.Release|Any CPU.Build.0 = Release|Any CPU
		{9AA51400-A3A3-4AF3-829D-47DA195A208E}.Release|x64.ActiveCfg = Release|Any CPU
		{9AA51400-A3A3-4AF3-829D-47DA195A208E}.Release|x64.Build.0 = Release|Any CPU
		{9AA51400-A3A3-4AF3-829D-47DA195A208E}.Release|x86.ActiveCfg = Release|Any CPU
		{9AA51400-A3A3-4AF3-829D-47DA195A208E}.Release|x86.Build.0 = Release|Any CPU
	EndGlobalSection
	GlobalSection(NestedProjects) = preSolution
		{09745C84-3A80-46B4-B33B-A00A47C7D409} = {67C3F3A4-E31E-4DD8-A8EC-A513E5F1C495}
		{61881BFD-BE2C-4107-9C88-D86C9050AE76} = {67C3F3A4-E31E-4DD8-A8EC-A513E5F1C495}
		{23991ED6-576A-491E-A832-237A7D892543} = {67C3F3A4-E31E-4DD8-A8EC-A513E5F1C495}
		{B7E818FA-CD93-49FF-8092-EC142E4C2783} = {67C3F3A4-E31E-4DD8-A8EC-A513E5F1C495}
		{88E9FB87-D055-43DC-9730-9147FCF014B3} = {64FE354E-ED34-47A7-919A-9439AE12399A}
		{F4F4EEDC-D457-493A-8281-1CE319BEE6B0} = {64FE354E-ED34-47A7-919A-9439AE12399A}
		{A711FAD3-769E-439E-BE12-B2B103A1CD8F} = {64FE354E-ED34-47A7-919A-9439AE12399A}
		{8B162A8A-957F-4035-B481-7A201EC9CF00} = {7FDF7B42-0C46-484A-AA95-3CDCBD5AE389}
		{8833FC0F-A751-480C-B447-46449FBFBB7F} = {7FDF7B42-0C46-484A-AA95-3CDCBD5AE389}
		{9AA51400-A3A3-4AF3-829D-47DA195A208E} = {7FDF7B42-0C46-484A-AA95-3CDCBD5AE389}
	EndGlobalSection
EndGlobal
